Microsoft Visual Studio Solution File, Format Version 8.00
Project("{FAE04EC0-301F-11D3-BF4B-00C04F79EFBC}") = "Class", "Class.csproj", "{521AA7A2-4513-4CA4-9582-2B0AD64A7110}"
EndProject
Global
	GlobalSection(SolutionConfiguration) = preSolution
		ConfigName.0 = Debug
		ConfigName.1 = Release
	EndGlobalSection
	GlobalSection(ProjectDependencies) = postSolution
	EndGlobalSection
	GlobalSection(ProjectConfiguration) = postSolution
		{521AA7A2-4513-4CA4-9582-2B0AD64A7110}.Debug.ActiveCfg = Debug|.NET
		{521AA7A2-4513-4CA4-9582-2B0AD64A7110}.Debug.Build.0 = Debug|.NET
		{521AA7A2-4513-4CA4-9582-2B0AD64A7110}.Release.ActiveCfg = Release|.NET
		{521AA7A2-4513-4CA4-9582-2B0AD64A7110}.Release.Build.0 = Release|.NET
	EndGlobalSection
	GlobalSection(ExtensibilityGlobals) = postSolution
	EndGlobalSection
	GlobalSection(ExtensibilityAddIns) = postSolution
	EndGlobalSection
EndGlobal